
Microsoft Visual Studio Solution File, Format Version 12.00
# Visual Studio Version 16
VisualStudioVersion = 16.0.29123.88
MinimumVisualStudioVersion = 10.0.40219.1
Project("{FAE04EC0-301F-11D3-BF4B-00C04F79EFBC}") = "DotNetCoreInternationalization", "DotNetCoreInternationalization\DotNetCoreInternationalization.csproj", "{C04356B3-794F-409B-B475-4D4E9C10A082}"
EndProject
Global
	GlobalSection(SolutionConfigurationPlatforms) = preSolution
		Debug|Any CPU = Debug|Any CPU
		Release|Any CPU = Release|Any CPU
	EndGlobalSection
	GlobalSection(ProjectConfigurationPlatforms) = postSolution
		{C04356B3-794F-409B-B475-4D4E9C10A082}.Debug|Any CPU.ActiveCfg = Debug|Any CPU
		{C04356B3-794F-409B-B475-4D4E9C10A082}.Debug|Any CPU.Build.0 = Debug|Any CPU
		{C04356B3-794F-409B-B475-4D4E9C10A082}.Release|Any CPU.ActiveCfg = Release|Any CPU
		{C04356B3-794F-409B-B475-4D4E9C10A082}.Release|Any CPU.Build.0 = Release|Any CPU
	EndGlobalSection
	GlobalSection(SolutionProperties) = preSolution
		HideSolutionNode = FALSE
	EndGlobalSection
	GlobalSection(ExtensibilityGlobals) = postSolution
		SolutionGuid = {8BAA1DA4-AA06-41CA-8056-D99246852FE3}
	EndGlobalSection
EndGlobal
